// !$*UTF8*$!
{
	archiveVersion = 1;
	classes = {
	};
	objectVersion = 55;
	objects = {

/* Begin PBXBuildFile section */
		8D04C6EA2795A64F00498D20 /* AppDelegate.swift in Sources */ = {isa = PBXBuildFile; fileRef = 8D04C6E92795A64F00498D20 /* AppDelegate.swift */; };
		8D04C6EC2795A64F00498D20 /* SceneDelegate.swift in Sources */ = {isa = PBXBuildFile; fileRef = 8D04C6EB2795A64F00498D20 /* SceneDelegate.swift */; };
		8D04C6EE2795A64F00498D20 /* ViewController.swift in Sources */ = {isa = PBXBuildFile; fileRef = 8D04C6ED2795A64F00498D20 /* ViewController.swift */; };
		8D04C6F12795A64F00498D20 /* Main.storyboard in Resources */ = {isa = PBXBuildFile; fileRef = 8D04C6EF2795A64F00498D20 /* Main.storyboard */; };
		8D04C6F32795A65000498D20 /* Assets.xcassets in Resources */ = {isa = PBXBuildFile; fileRef = 8D04C6F22795A65000498D20 /* Assets.xcassets */; };
		8D04C6F62795A65000498D20 /* LaunchScreen.storyboard in Resources */ = {isa = PBXBuildFile; fileRef = 8D04C6F42795A65000498D20 /* LaunchScreen.storyboard */; };
		8D1291D52799A198003F3947 /* SettingMenuTableViewCell.swift in Sources */ = {isa = PBXBuildFile; fileRef = 8D1291D32799A198003F3947 /* SettingMenuTableViewCell.swift */; };
		8D1291D62799A198003F3947 /* SettingMenuTableViewCell.xib in Resources */ = {isa = PBXBuildFile; fileRef = 8D1291D42799A198003F3947 /* SettingMenuTableViewCell.xib */; };
		8D3CC3B12796FCA0005CA907 /* SettingTableViewCell.swift in Sources */ = {isa = PBXBuildFile; fileRef = 8D3CC3AF2796FCA0005CA907 /* SettingTableViewCell.swift */; };
		8D3CC3B22796FCA0005CA907 /* SettingTableViewCell.xib in Resources */ = {isa = PBXBuildFile; fileRef = 8D3CC3B02796FCA0005CA907 /* SettingTableViewCell.xib */; };
		8D3FD9C3279C2DE90014B550 /* SettingModel.swift in Sources */ = {isa = PBXBuildFile; fileRef = 8D3FD9C2279C2DE90014B550 /* SettingModel.swift */; };
		8D3FD9C6279C3D580014B550 /* NextViewController.swift in Sources */ = {isa = PBXBuildFile; fileRef = 8D3FD9C4279C3D580014B550 /* NextViewController.swift */; };
		8D3FD9C9279C3DF60014B550 /* NextViewController.storyboard in Resources */ = {isa = PBXBuildFile; fileRef = 8D3FD9C8279C3DF60014B550 /* NextViewController.storyboard */; };
		8D3FD9CB279C3EEB0014B550 /* NextViewControllerExtensions.swift in Sources */ = {isa = PBXBuildFile; fileRef = 8D3FD9CA279C3EEB0014B550 /* NextViewControllerExtensions.swift */; };
		8D3FD9CD279C40440014B550 /* NextTableViewCell.swift in Sources */ = {isa = PBXBuildFile; fileRef = 8D3FD9CC279C40440014B550 /* NextTableViewCell.swift */; };
		8D3FD9D7279C42D80014B550 /* NextModel.swift in Sources */ = {isa = PBXBuildFile; fileRef = 8D3FD9D6279C42D80014B550 /* NextModel.swift */; };
		8D5E0C0827A50DCD001F4D4E /* MyIDViewController.swift in Sources */ = {isa = PBXBuildFile; fileRef = 8D5E0C0727A50DCD001F4D4E /* MyIDViewController.swift */; };
		8D5E0C0C27A50EBF001F4D4E /* MyIDViewController.xib in Resources */ = {isa = PBXBuildFile; fileRef = 8D5E0C0B27A50EBF001F4D4E /* MyIDViewController.xib */; };
		8D92D97A27985666005A911E /* ViewControllerExtensions.swift in Sources */ = {isa = PBXBuildFile; fileRef = 8D92D97927985666005A911E /* ViewControllerExtensions.swift */; };
/* End PBXBuildFile section */

/* Begin PBXFileReference section */
		8D04C6E62795A64F00498D20 /* SettingCloneApp.app */ = {isa = PBXFileReference; explicitFileType = wrapper.application; includeInIndex = 0; path = SettingCloneApp.app; sourceTree = BUILT_PRODUCTS_DIR; };
		8D04C6E92795A64F00498D20 /* AppDelegate.swift */ = {isa = PBXFileReference; lastKnownFileType = sourcecode.swift; path = AppDelegate.swift; sourceTree = "<group>"; };
		8D04C6EB2795A64F00498D20 /* SceneDelegate.swift */ = {isa = PBXFileReference; lastKnownFileType = sourcecode.swift; path = SceneDelegate.swift; sourceTree = "<group>"; };
		8D04C6ED2795A64F00498D20 /* ViewController.swift */ = {isa = PBXFileReference; lastKnownFileType = sourcecode.swift; path = ViewController.swift; sourceTree = "<group>"; };
		8D04C6F02795A64F00498D20 /* Base */ = {isa = PBXFileReference; lastKnownFileType = file.storyboard; name = Base; path = Base.lproj/Main.storyboard; sourceTree = "<group>"; };
		8D04C6F22795A65000498D20 /* Assets.xcassets */ = {isa = PBXFileReference; lastKnownFileType = folder.assetcatalog; path = Assets.xcassets; sourceTree = "<group>"; };
		8D04C6F52795A65000498D20 /* Base */ = {isa = PBXFileReference; lastKnownFileType = file.storyboard; name = Base; path = Base.lproj/LaunchScreen.storyboard; sourceTree = "<group>"; };
		8D04C6F72795A65000498D20 /* Info.plist */ = {isa = PBXFileReference; lastKnownFileType = text.plist.xml; path = Info.plist; sourceTree = "<group>"; };
		8D1291D32799A198003F3947 /* SettingMenuTableViewCell.swift */ = {isa = PBXFileReference; lastKnownFileType = sourcecode.swift; path = SettingMenuTableViewCell.swift; sourceTree = "<group>"; };
		8D1291D42799A198003F3947 /* SettingMenuTableViewCell.xib */ = {isa = PBXFileReference; lastKnownFileType = file.xib; path = SettingMenuTableViewCell.xib; sourceTree = "<group>"; };
		8D3CC3AF2796FCA0005CA907 /* SettingTableViewCell.swift */ = {isa = PBXFileReference; lastKnownFileType = sourcecode.swift; path = SettingTableViewCell.swift; sourceTree = "<group>"; };
		8D3CC3B02796FCA0005CA907 /* SettingTableViewCell.xib */ = {isa = PBXFileReference; lastKnownFileType = file.xib; path = SettingTableViewCell.xib; sourceTree = "<group>"; };
		8D3FD9C2279C2DE90014B550 /* SettingModel.swift */ = {isa = PBXFileReference; lastKnownFileType = sourcecode.swift; path = SettingModel.swift; sourceTree = "<group>"; };
		8D3FD9C4279C3D580014B550 /* NextViewController.swift */ = {isa = PBXFileReference; lastKnownFileType = sourcecode.swift; path = NextViewController.swift; sourceTree = "<group>"; };
		8D3FD9C8279C3DF60014B550 /* NextViewController.storyboard */ = {isa = PBXFileReference; lastKnownFileType = file.storyboard; path = NextViewController.storyboard; sourceTree = "<group>"; };
		8D3FD9CA279C3EEB0014B550 /* NextViewControllerExtensions.swift */ = {isa = PBXFileReference; lastKnownFileType = sourcecode.swift; path = NextViewControllerExtensions.swift; sourceTree = "<group>"; };
		8D3FD9CC279C40440014B550 /* NextTableViewCell.swift */ = {isa = PBXFileReference; lastKnownFileType = sourcecode.swift; path = NextTableViewCell.swift; sourceTree = "<group>"; };
		8D3FD9D6279C42D80014B550 /* NextModel.swift */ = {isa = PBXFileReference; lastKnownFileType = sourcecode.swift; path = NextModel.swift; sourceTree = "<group>"; };
		8D5E0C0727A50DCD001F4D4E /* MyIDViewController.swift */ = {isa = PBXFileReference; lastKnownFileType = sourcecode.swift; path = MyIDViewController.swift; sourceTree = "<group>"; };
		8D5E0C0B27A50EBF001F4D4E /* MyIDViewController.xib */ = {isa = PBXFileReference; lastKnownFileType = file.xib; path = MyIDViewController.xib; sourceTree = "<group>"; };
		8D92D97927985666005A911E /* ViewControllerExtensions.swift */ = {isa = PBXFileReference; lastKnownFileType = sourcecode.swift; path = ViewControllerExtensions.swift; sourceTree = "<group>"; };
/* End PBXFileReference section */

/* Begin PBXFrameworksBuildPhase section */
		8D04C6E32795A64F00498D20 /* Frameworks */ = {
			isa = PBXFrameworksBuildPhase;
			buildActionMask = 2147483647;
			files = (
			);
			runOnlyForDeploymentPostprocessing = 0;
		};
/* End PBXFrameworksBuildPhase section */

/* Begin PBXGroup section */
		8D04C6DD2795A64F00498D20 = {
			isa = PBXGroup;
			children = (
				8D04C6E82795A64F00498D20 /* SettingCloneApp */,
				8D04C6E72795A64F00498D20 /* Products */,
			);
			sourceTree = "<group>";
		};
		8D04C6E72795A64F00498D20 /* Products */ = {
			isa = PBXGroup;
			children = (
				8D04C6E62795A64F00498D20 /* SettingCloneApp.app */,
			);
			name = Products;
			sourceTree = "<group>";
		};
		8D04C6E82795A64F00498D20 /* SettingCloneApp */ = {
			isa = PBXGroup;
			children = (
				8D04C6E92795A64F00498D20 /* AppDelegate.swift */,
				8D04C6EB2795A64F00498D20 /* SceneDelegate.swift */,
				8D04C6EF2795A64F00498D20 /* Main.storyboard */,
				8D04C6ED2795A64F00498D20 /* ViewController.swift */,
				8D92D97927985666005A911E /* ViewControllerExtensions.swift */,
				8D3FD9CE279C41C60014B550 /* Setting */,
				8D04C6F22795A65000498D20 /* Assets.xcassets */,
				8D04C6F42795A65000498D20 /* LaunchScreen.storyboard */,
				8D04C6F72795A65000498D20 /* Info.plist */,
			);
			path = SettingCloneApp;
			sourceTree = "<group>";
		};
		8D3FD9CE279C41C60014B550 /* Setting */ = {
			isa = PBXGroup;
			children = (
				8D3FD9CF279C41DB0014B550 /* Model */,
				8D3FD9D0279C41E10014B550 /* TableView */,
				8D3FD9D3279C42510014B550 /* Next */,
				8D5E0C0627A4FB07001F4D4E /* MyID */,
			);
			path = Setting;
			sourceTree = "<group>";
		};
		8D3FD9CF279C41DB0014B550 /* Model */ = {
			isa = PBXGroup;
			children = (
				8D3FD9C2279C2DE90014B550 /* SettingModel.swift */,
			);
			path = Model;
			sourceTree = "<group>";
		};
		8D3FD9D0279C41E10014B550 /* TableView */ = {
			isa = PBXGroup;
			children = (
				8D3FD9D2279C42350014B550 /* TableViewCell */,
			);
			path = TableView;
			sourceTree = "<group>";
		};
		8D3FD9D2279C42350014B550 /* TableViewCell */ = {
			isa = PBXGroup;
			children = (
				8D3CC3AF2796FCA0005CA907 /* SettingTableViewCell.swift */,
				8D3CC3B02796FCA0005CA907 /* SettingTableViewCell.xib */,
				8D1291D32799A198003F3947 /* SettingMenuTableViewCell.swift */,
				8D1291D42799A198003F3947 /* SettingMenuTableViewCell.xib */,
			);
			path = TableViewCell;
			sourceTree = "<group>";
		};
		8D3FD9D3279C42510014B550 /* Next */ = {
			isa = PBXGroup;
			children = (
				8D3FD9D5279C42BF0014B550 /* Model */,
				8D3FD9D4279C42800014B550 /* TableViewCell */,
				8D3FD9C4279C3D580014B550 /* NextViewController.swift */,
				8D3FD9C8279C3DF60014B550 /* NextViewController.storyboard */,
				8D3FD9CA279C3EEB0014B550 /* NextViewControllerExtensions.swift */,
			);
			path = Next;
			sourceTree = "<group>";
		};
		8D3FD9D4279C42800014B550 /* TableViewCell */ = {
			isa = PBXGroup;
			children = (
				8D3FD9CC279C40440014B550 /* NextTableViewCell.swift */,
			);
			path = TableViewCell;
			sourceTree = "<group>";
		};
		8D3FD9D5279C42BF0014B550 /* Model */ = {
			isa = PBXGroup;
			children = (
				8D3FD9D6279C42D80014B550 /* NextModel.swift */,
			);
			path = Model;
			sourceTree = "<group>";
		};
		8D5E0C0627A4FB07001F4D4E /* MyID */ = {
			isa = PBXGroup;
			children = (
				8D5E0C0727A50DCD001F4D4E /* MyIDViewController.swift */,
				8D5E0C0B27A50EBF001F4D4E /* MyIDViewController.xib */,
			);
			path = MyID;
			sourceTree = "<group>";
		};
/* End PBXGroup section */

/* Begin PBXNativeTarget section */
		8D04C6E52795A64F00498D20 /* SettingCloneApp */ = {
			isa = PBXNativeTarget;
			buildConfigurationList = 8D04C6FA2795A65000498D20 /* Build configuration list for PBXNativeTarget "SettingCloneApp" */;
			buildPhases = (
				8D04C6E22795A64F00498D20 /* Sources */,
				8D04C6E32795A64F00498D20 /* Frameworks */,
				8D04C6E42795A64F00498D20 /* Resources */,
			);
			buildRules = (
			);
			dependencies = (
			);
			name = SettingCloneApp;
			productName = SettingCloneApp;
			productReference = 8D04C6E62795A64F00498D20 /* SettingCloneApp.app */;
			productType = "com.apple.product-type.application";
		};
/* End PBXNativeTarget section */

/* Begin PBXProject section */
		8D04C6DE2795A64F00498D20 /* Project object */ = {
			isa = PBXProject;
			attributes = {
				BuildIndependentTargetsInParallel = 1;
				LastSwiftUpdateCheck = 1310;
				LastUpgradeCheck = 1310;
				TargetAttributes = {
					8D04C6E52795A64F00498D20 = {
						CreatedOnToolsVersion = 13.1;
					};
				};
			};
			buildConfigurationList = 8D04C6E12795A64F00498D20 /* Build configuration list for PBXProject "SettingCloneApp" */;
			compatibilityVersion = "Xcode 13.0";
			developmentRegion = en;
			hasScannedForEncodings = 0;
			knownRegions = (
				en,
				Base,
			);
			mainGroup = 8D04C6DD2795A64F00498D20;
			productRefGroup = 8D04C6E72795A64F00498D20 /* Products */;
			projectDirPath = "";
			projectRoot = "";
			targets = (
				8D04C6E52795A64F00498D20 /* SettingCloneApp */,
			);
		};
/* End PBXProject section */

/* Begin PBXResourcesBuildPhase section */
		8D04C6E42795A64F00498D20 /* Resources */ = {
			isa = PBXResourcesBuildPhase;
			buildActionMask = 2147483647;
			files = (
				8D1291D62799A198003F3947 /* SettingMenuTableViewCell.xib in Resources */,
				8D04C6F62795A65000498D20 /* LaunchScreen.storyboard in Resources */,
				8D3FD9C9279C3DF60014B550 /* NextViewController.storyboard in Resources */,
				8D04C6F32795A65000498D20 /* Assets.xcassets in Resources */,
				8D5E0C0C27A50EBF001F4D4E /* MyIDViewController.xib in Resources */,
				8D3CC3B22796FCA0005CA907 /* SettingTableViewCell.xib in Resources */,
				8D04C6F12795A64F00498D20 /* Main.storyboard in Resources */,
			);
			runOnlyForDeploymentPostprocessing = 0;
		};
/* End PBXResourcesBuildPhase section */

/* Begin PBXSourcesBuildPhase section */
		8D04C6E22795A64F00498D20 /* Sources */ = {
			isa = PBXSourcesBuildPhase;
			buildActionMask = 2147483647;
			files = (
				8D04C6EE2795A64F00498D20 /* ViewController.swift in Sources */,
				8D3FD9C6279C3D580014B550 /* NextViewController.swift in Sources */,
				8D3FD9D7279C42D80014B550 /* NextModel.swift in Sources */,
				8D04C6EA2795A64F00498D20 /* AppDelegate.swift in Sources */,
				8D3FD9CB279C3EEB0014B550 /* NextViewControllerExtensions.swift in Sources */,
				8D5E0C0827A50DCD001F4D4E /* MyIDViewController.swift in Sources */,
				8D3FD9CD279C40440014B550 /* NextTableViewCell.swift in Sources */,
				8D3CC3B12796FCA0005CA907 /* SettingTableViewCell.swift in Sources */,
				8D92D97A27985666005A911E /* ViewControllerExtensions.swift in Sources */,
				8D04C6EC2795A64F00498D20 /* SceneDelegate.swift in Sources */,
				8D3FD9C3279C2DE90014B550 /* SettingModel.swift in Sources */,
				8D1291D52799A198003F3947 /* SettingMenuTableViewCell.swift in Sources */,
			);
			runOnlyForDeploymentPostprocessing = 0;
		};
/* End PBXSourcesBuildPhase section */

/* Begin PBXVariantGroup section */
		8D04C6EF2795A64F00498D20 /* Main.storyboard */ = {
			isa = PBXVariantGroup;
			children = (
				8D04C6F02795A64F00498D20 /* Base */,
			);
			name = Main.storyboard;
			sourceTree = "<group>";
		};
		8D04C6F42795A65000498D20 /* LaunchScreen.storyboard */ = {
			isa = PBXVariantGroup;
			children = (
				8D04C6F52795A65000498D20 /* Base */,
			);
			name = LaunchScreen.storyboard;
			sourceTree = "<group>";
		};
/* End PBXVariantGroup section */

/* Begin XCBuildConfiguration section */
		8D04C6F82795A65000498D20 /* Debug */ = {
			isa = XCBuildConfiguration;
			buildSettings = {
				ALWAYS_SEARCH_USER_PATHS = NO;
				CLANG_ANALYZER_NONNULL = YES;
				CLANG_ANALYZER_NUMBER_OBJECT_CONVERSION = YES_AGGRESSIVE;
				CLANG_CXX_LANGUAGE_STANDARD = "gnu++17";
				CLANG_CXX_LIBRARY = "libc++";
				CLANG_ENABLE_MODULES = YES;
				CLANG_ENABLE_OBJC_ARC = YES;
				CLANG_ENABLE_OBJC_WEAK = YES;
				CLANG_WARN_BLOCK_CAPTURE_AUTORELEASING = YES;
				CLANG_WARN_BOOL_CONVERSION = YES;
				CLANG_WARN_COMMA = YES;
				CLANG_WARN_CONSTANT_CONVERSION = YES;
				CLANG_WARN_DEPRECATED_OBJC_IMPLEMENTATIONS = YES;
				CLANG_WARN_DIRECT_OBJC_ISA_USAGE = YES_ERROR;
				CLANG_WARN_DOCUMENTATION_COMMENTS = YES;
				CLANG_WARN_EMPTY_BODY = YES;
				CLANG_WARN_ENUM_CONVERSION = YES;
				CLANG_WARN_INFINITE_RECURSION = YES;
				CLANG_WARN_INT_CONVERSION = YES;
				CLANG_WARN_NON_LITERAL_NULL_CONVERSION = YES;
				CLANG_WARN_OBJC_IMPLICIT_RETAIN_SELF = YES;
				CLANG_WARN_OBJC_LITERAL_CONVERSION = YES;
				CLANG_WARN_OBJC_ROOT_CLASS = YES_ERROR;
				CLANG_WARN_QUOTED_INCLUDE_IN_FRAMEWORK_HEADER = YES;
				CLANG_WARN_RANGE_LOOP_ANALYSIS = YES;
				CLANG_WARN_STRICT_PROTOTYPES = YES;
				CLANG_WARN_SUSPICIOUS_MOVE = YES;
				CLANG_WARN_UNGUARDED_AVAILABILITY = YES_AGGRESSIVE;
				CLANG_WARN_UNREACHABLE_CODE = YES;
				CLANG_WARN__DUPLICATE_METHOD_MATCH = YES;
				COPY_PHASE_STRIP = NO;
				DEBUG_INFORMATION_FORMAT = dwarf;
				ENABLE_STRICT_OBJC_MSGSEND = YES;
				ENABLE_TESTABILITY = YES;
				GCC_C_LANGUAGE_STANDARD = gnu11;
				GCC_DYNAMIC_NO_PIC = NO;
				GCC_NO_COMMON_BLOCKS = YES;
				GCC_OPTIMIZATION_LEVEL = 0;
				GCC_PREPROCESSOR_DEFINITIONS = (
					"DEBUG=1",
					"$(inherited)",
				);
				GCC_WARN_64_TO_32_BIT_CONVERSION = YES;
				GCC_WARN_ABOUT_RETURN_TYPE = YES_ERROR;
				GCC_WARN_UNDECLARED_SELECTOR = YES;
				GCC_WARN_UNINITIALIZED_AUTOS = YES_AGGRESSIVE;
				GCC_WARN_UNUSED_FUNCTION = YES;
				GCC_WARN_UNUSED_VARIABLE = YES;
				IPHONEOS_DEPLOYMENT_TARGET = 15.0;
				MTL_ENABLE_DEBUG_INFO = INCLUDE_SOURCE;
				MTL_FAST_MATH = YES;
				ONLY_ACTIVE_ARCH = YES;
				SDKROOT = iphoneos;
				SWIFT_ACTIVE_COMPILATION_CONDITIONS = DEBUG;
				SWIFT_OPTIMIZATION_LEVEL = "-Onone";
			};
			name = Debug;
		};
		8D04C6F92795A65000498D20 /* Release */ = {
			isa = XCBuildConfiguration;
			buildSettings = {
				ALWAYS_SEARCH_USER_PATHS = NO;
				CLANG_ANALYZER_NONNULL = YES;
				CLANG_ANALYZER_NUMBER_OBJECT_CONVERSION = YES_AGGRESSIVE;
				CLANG_CXX_LANGUAGE_STANDARD = "gnu++17";
				CLANG_CXX_LIBRARY = "libc++";
				CLANG_ENABLE_MODULES = YES;
				CLANG_ENABLE_OBJC_ARC = YES;
				CLANG_ENABLE_OBJC_WEAK = YES;
				CLANG_WARN_BLOCK_CAPTURE_AUTORELEASING = YES;
				CLANG_WARN_BOOL_CONVERSION = YES;
				CLANG_WARN_COMMA = YES;
				CLANG_WARN_CONSTANT_CONVERSION = YES;
				CLANG_WARN_DEPRECATED_OBJC_IMPLEMENTATIONS = YES;
				CLANG_WARN_DIRECT_OBJC_ISA_USAGE = YES_ERROR;
				CLANG_WARN_DOCUMENTATION_COMMENTS = YES;
				CLANG_WARN_EMPTY_BODY = YES;
				CLANG_WARN_ENUM_CONVERSION = YES;
				CLANG_WARN_INFINITE_RECURSION = YES;
				CLANG_WARN_INT_CONVERSION = YES;
				CLANG_WARN_NON_LITERAL_NULL_CONVERSION = YES;
				CLANG_WARN_OBJC_IMPLICIT_RETAIN_SELF = YES;
				CLANG_WARN_OBJC_LITERAL_CONVERSION = YES;
				CLANG_WARN_OBJC_ROOT_CLASS = YES_ERROR;
				CLANG_WARN_QUOTED_INCLUDE_IN_FRAMEWORK_HEADER = YES;
				CLANG_WARN_RANGE_LOOP_ANALYSIS = YES;
				CLANG_WARN_STRICT_PROTOTYPES = YES;
				CLANG_WARN_SUSPICIOUS_MOVE = YES;
				CLANG_WARN_UNGUARDED_AVAILABILITY = YES_AGGRESSIVE;
				CLANG_WARN_UNREACHABLE_CODE = YES;
				CLANG_WARN__DUPLICATE_METHOD_MATCH = YES;
				COPY_PHASE_STRIP = NO;
				DEBUG_INFORMATION_FORMAT = "dwarf-with-dsym";
				ENABLE_NS_ASSERTIONS = NO;
				ENABLE_STRICT_OBJC_MSGSEND = YES;
				GCC_C_LANGUAGE_STANDARD = gnu11;
				GCC_NO_COMMON_BLOCKS = YES;
				GCC_WARN_64_TO_32_BIT_CONVERSION = YES;
				GCC_WARN_ABOUT_RETURN_TYPE = YES_ERROR;
				GCC_WARN_UNDECLARED_SELECTOR = YES;
				GCC_WARN_UNINITIALIZED_AUTOS = YES_AGGRESSIVE;
				GCC_WARN_UNUSED_FUNCTION = YES;
				GCC_WARN_UNUSED_VARIABLE = YES;
				IPHONEOS_DEPLOYMENT_TARGET = 15.0;
				MTL_ENABLE_DEBUG_INFO = NO;
				MTL_FAST_MATH = YES;
				SDKROOT = iphoneos;
				SWIFT_COMPILATION_MODE = wholemodule;
				SWIFT_OPTIMIZATION_LEVEL = "-O";
				VALIDATE_PRODUCT = YES;
			};
			name = Release;
		};
		8D04C6FB2795A65000498D20 /* Debug */ = {
			isa = XCBuildConfiguration;
			buildSettings = {
				ASSETCATALOG_COMPILER_APPICON_NAME = AppIcon;
				ASSETCATALOG_COMPILER_GLOBAL_ACCENT_COLOR_NAME = AccentColor;
				CODE_SIGN_STYLE = Automatic;
				CURRENT_PROJECT_VERSION = 1;
				DEVELOPMENT_TEAM = GMHUACJXLZ;
				GENERATE_INFOPLIST_FILE = YES;
				INFOPLIST_FILE = SettingCloneApp/Info.plist;
				INFOPLIST_KEY_UIApplicationSupportsIndirectInputEvents = YES;
				INFOPLIST_KEY_UILaunchStoryboardName = LaunchScreen;
				INFOPLIST_KEY_UIMainStoryboardFile = Main;
				INFOPLIST_KEY_UISupportedInterfaceOrientations_iPad = "UIInterfaceOrientationPortrait UIInterfaceOrientationPortraitUpsideDown UIInterfaceOrientationLandscapeLeft UIInterfaceOrientationLandscapeRight";
				INFOPLIST_KEY_UISupportedInterfaceOrientations_iPhone = "UIInterfaceOrientationPortrait UIInterfaceOrientationLandscapeLeft UIInterfaceOrientationLandscapeRight";
				LD_RUNPATH_SEARCH_PATHS = (
					"$(inherited)",
					"@executable_path/Frameworks",
				);
				MARKETING_VERSION = 1.0;
				PRODUCT_BUNDLE_IDENTIFIER = kr.emirim.SettingCloneApp;
				PRODUCT_NAME = "$(TARGET_NAME)";
				SWIFT_EMIT_LOC_STRINGS = YES;
				SWIFT_VERSION = 5.0;
				TARGETED_DEVICE_FAMILY = "1,2";
			};
			name = Debug;
		};
		8D04C6FC2795A65000498D20 /* Release */ = {
			isa = XCBuildConfiguration;
			buildSettings = {
				ASSETCATALOG_COMPILER_APPICON_NAME = AppIcon;
				ASSETCATALOG_COMPILER_GLOBAL_ACCENT_COLOR_NAME = AccentColor;
				CODE_SIGN_STYLE = Automatic;
				CURRENT_PROJECT_VERSION = 1;
				DEVELOPMENT_TEAM = GMHUACJXLZ;
				GENERATE_INFOPLIST_FILE = YES;
				INFOPLIST_FILE = SettingCloneApp/Info.plist;
				INFOPLIST_KEY_UIApplicationSupportsIndirectInputEvents = YES;
				INFOPLIST_KEY_UILaunchStoryboardName = LaunchScreen;
				INFOPLIST_KEY_UIMainStoryboardFile = Main;
				INFOPLIST_KEY_UISupportedInterfaceOrientations_iPad = "UIInterfaceOrientationPortrait UIInterfaceOrientationPortraitUpsideDown UIInterfaceOrientationLandscapeLeft UIInterfaceOrientationLandscapeRight";
				INFOPLIST_KEY_UISupportedInterfaceOrientations_iPhone = "UIInterfaceOrientationPortrait UIInterfaceOrientationLandscapeLeft UIInterfaceOrientationLandscapeRight";
				LD_RUNPATH_SEARCH_PATHS = (
					"$(inherited)",
					"@executable_path/Frameworks",
				);
				MARKETING_VERSION = 1.0;
				PRODUCT_BUNDLE_IDENTIFIER = kr.emirim.SettingCloneApp;
				PRODUCT_NAME = "$(TARGET_NAME)";
				SWIFT_EMIT_LOC_STRINGS = YES;
				SWIFT_VERSION = 5.0;
				TARGETED_DEVICE_FAMILY = "1,2";
			};
			name = Release;
		};
/* End XCBuildConfiguration section */

/* Begin XCConfigurationList section */
		8D04C6E12795A64F00498D20 /* Build configuration list for PBXProject "SettingCloneApp" */ = {
			isa = XCConfigurationList;
			buildConfigurations = (
				8D04C6F82795A65000498D20 /* Debug */,
				8D04C6F92795A65000498D20 /* Release */,
			);
			defaultConfigurationIsVisible = 0;
			defaultConfigurationName = Release;
		};
		8D04C6FA2795A65000498D20 /* Build configuration list for PBXNativeTarget "SettingCloneApp" */ = {
			isa = XCConfigurationList;
			buildConfigurations = (
				8D04C6FB2795A65000498D20 /* Debug */,
				8D04C6FC2795A65000498D20 /* Release */,
			);
			defaultConfigurationIsVisible = 0;
			defaultConfigurationName = Release;
		};
/* End XCConfigurationList section */
	};
	rootObject = 8D04C6DE2795A64F00498D20 /* Project object */;
}
